
Microsoft Visual Studio Solution File, Format Version 12.00
# Visual Studio Version 17
VisualStudioVersion = 17.5.002.0
MinimumVisualStudioVersion = 10.0.40219.1
Project("{9A19103F-16F7-4668-BE54-9A1E7A4F7556}") = "Behavioral_Iterator", "Behavioral_Iterator.csproj", "{4F8985A3-3E76-45AA-AB91-3AE6F6AB6FE7}"
EndProject
Global
	GlobalSection(SolutionConfigurationPlatforms) = preSolution
		Debug|Any CPU = Debug|Any CPU
		Release|Any CPU = Release|Any CPU
	EndGlobalSection
	GlobalSection(ProjectConfigurationPlatforms) = postSolution
		{4F8985A3-3E76-45AA-AB91-3AE6F6AB6FE7}.Debug|Any CPU.ActiveCfg = Debug|Any CPU
		{4F8985A3-3E76-45AA-AB91-3AE6F6AB6FE7}.Debug|Any CPU.Build.0 = Debug|Any CPU
		{4F8985A3-3E76-45AA-AB91-3AE6F6AB6FE7}.Release|Any CPU.ActiveCfg = Release|Any CPU
		{4F8985A3-3E76-45AA-AB91-3AE6F6AB6FE7}.Release|Any CPU.Build.0 = Release|Any CPU
	EndGlobalSection
	GlobalSection(SolutionProperties) = preSolution
		HideSolutionNode = FALSE
	EndGlobalSection
	GlobalSection(ExtensibilityGlobals) = postSolution
		SolutionGuid = {3C0A6F3A-106E-444F-BEE0-9DD73EB26C8D}
	EndGlobalSection
EndGlobal
